
Microsoft Visual Studio Solution File, Format Version 12.00
# Visual Studio Version 17
VisualStudioVersion = 17.4.33213.308
MinimumVisualStudioVersion = 10.0.40219.1
Project("{9A19103F-16F7-4668-BE54-9A1E7A4F7556}") = "Cheetah.Core", "src\Core\Cheetah.Core.csproj", "{228EF986-C3C5-4504-90DA-23F2F5AA40C3}"
EndProject
Project("{9A19103F-16F7-4668-BE54-9A1E7A4F7556}") = "Cheetah.UseCases", "src\UseCases\Cheetah.UseCases.csproj", "{C2C228C1-7D72-4C97-BD62-B3ECC0C7ECEF}"
EndProject
Project("{9A19103F-16F7-4668-BE54-9A1E7A4F7556}") = "Cheetah.Infrastructure", "src\Infrastructure\Main\Cheetah.Infrastructure.csproj", "{075FC1B4-4354-46E9-9270-B5B7FAE9008C}"
EndProject
Project("{9A19103F-16F7-4668-BE54-9A1E7A4F7556}") = "Cheetah.Infrastructure.Providers.SqlServer", "src\Infrastructure\Providers\SqlServer\Cheetah.Infrastructure.Providers.SqlServer.csproj", "{71E22712-9606-4260-8335-30E349E58EC8}"
EndProject
Project("{9A19103F-16F7-4668-BE54-9A1E7A4F7556}") = "Cheetah.Infrastructure.Providers.Npgsql", "src\Infrastructure\Providers\Npgsql\Cheetah.Infrastructure.Providers.Npgsql.csproj", "{6247C7D4-02AF-4D8F-820F-1D0A78EA6362}"
EndProject
Project("{9A19103F-16F7-4668-BE54-9A1E7A4F7556}") = "SampleWebAPI", "sample\src\Presentation\Services\SampleWebAPI\SampleWebAPI.csproj", "{6AE7EBF6-E242-4C25-9688-6F71AE57E289}"
EndProject
Project("{2150E333-8FDC-42A3-9474-1A3956D46DE8}") = "Solution Items", "Solution Items", "{22FB4589-8ED9-4A79-B0B8-18E6478FF09B}"
	ProjectSection(SolutionItems) = preProject
		Directory.Build.props = Directory.Build.props
		editorconfig = editorconfig
		LICENSE.txt = LICENSE.txt
		README.md = README.md
	EndProjectSection
EndProject
Project("{2150E333-8FDC-42A3-9474-1A3956D46DE8}") = "Infrastructure", "Infrastructure", "{E3650071-446E-4A8A-8AFD-3E510B8CF848}"
EndProject
Project("{2150E333-8FDC-42A3-9474-1A3956D46DE8}") = "Providers", "Providers", "{ACE38A6A-D0BF-461E-8E94-EA0472821142}"
EndProject
Project("{2150E333-8FDC-42A3-9474-1A3956D46DE8}") = "dockers", "dockers", "{1FD212CF-7881-475C-8F80-540144E9677B}"
EndProject
Project("{2150E333-8FDC-42A3-9474-1A3956D46DE8}") = "internet", "internet", "{9C3921CA-C6F1-4EEE-93F8-F7FF69328CD7}"
EndProject
Project("{2150E333-8FDC-42A3-9474-1A3956D46DE8}") = "local", "local", "{5149CFBC-DCEB-4FBE-8652-9B0A795C15B2}"
	ProjectSection(SolutionItems) = preProject
		dockers\local\nuget.config = dockers\local\nuget.config
	EndProjectSection
EndProject
Project("{2150E333-8FDC-42A3-9474-1A3956D46DE8}") = "gRPC", "gRPC", "{A051E5A7-0DD8-49C3-88DD-A85A35ED9261}"
	ProjectSection(SolutionItems) = preProject
		dockers\local\gRPC\Dockerfile = dockers\local\gRPC\Dockerfile
	EndProjectSection
EndProject
Project("{2150E333-8FDC-42A3-9474-1A3956D46DE8}") = "gRPC", "gRPC", "{6A60DE9A-ADA5-4EF4-BA10-E8C6E2F06D1F}"
	ProjectSection(SolutionItems) = preProject
		dockers\internet\gRPC\Dockerfile = dockers\internet\gRPC\Dockerfile
	EndProjectSection
EndProject
Project("{2150E333-8FDC-42A3-9474-1A3956D46DE8}") = "Blazor", "Blazor", "{066490EF-E6BD-4A7D-8058-3C4DF2BE5EF7}"
	ProjectSection(SolutionItems) = preProject
		dockers\internet\Blazor\Dockerfile = dockers\internet\Blazor\Dockerfile
	EndProjectSection
EndProject
Project("{2150E333-8FDC-42A3-9474-1A3956D46DE8}") = "Blazor", "Blazor", "{081E097B-66B6-4724-8678-9F16B41611A3}"
	ProjectSection(SolutionItems) = preProject
		dockers\local\Blazor\Dockerfile = dockers\local\Blazor\Dockerfile
	EndProjectSection
EndProject
Project("{2150E333-8FDC-42A3-9474-1A3956D46DE8}") = "GraphQL", "GraphQL", "{17631744-F13A-42D2-A978-8D193F79713E}"
	ProjectSection(SolutionItems) = preProject
		dockers\internet\GraphQL\Dockerfile = dockers\internet\GraphQL\Dockerfile
	EndProjectSection
EndProject
Project("{2150E333-8FDC-42A3-9474-1A3956D46DE8}") = "src", "src", "{5681EDC5-D792-4347-BC7A-AD18764005B8}"
EndProject
Project("{2150E333-8FDC-42A3-9474-1A3956D46DE8}") = "tests", "tests", "{7ECD6231-3744-4002-8B3D-8040A2FF403A}"
EndProject
Project("{2150E333-8FDC-42A3-9474-1A3956D46DE8}") = "doc", "doc", "{E35AE340-91F0-4D2E-8305-8D7DF5192C04}"
EndProject
Project("{9A19103F-16F7-4668-BE54-9A1E7A4F7556}") = "Cheetah.UnitTest", "tests\Cheetah.UnitTest\Cheetah.UnitTest.csproj", "{E68D7C74-E3B5-4EB1-B4E0-2348E3E2746E}"
EndProject
Project("{9A19103F-16F7-4668-BE54-9A1E7A4F7556}") = "Cheetah.FunctionalTest", "tests\Cheetah.FunctionalTest\Cheetah.FunctionalTest.csproj", "{D913E6E1-ED12-4DBF-BA35-35FB11E76751}"
EndProject
Project("{9A19103F-16F7-4668-BE54-9A1E7A4F7556}") = "Cheetah.IntegrationTest", "tests\Cheetah.IntegrationTest\Cheetah.IntegrationTest.csproj", "{4B1DEC3C-7F9C-4553-B47B-68780B9ADEB4}"
EndProject
Project("{2150E333-8FDC-42A3-9474-1A3956D46DE8}") = "WebAPI", "WebAPI", "{5DC77B22-5761-4824-83E3-11AA552AB8F0}"
	ProjectSection(SolutionItems) = preProject
		dockers\local\WebAPI\Dockerfile = dockers\local\WebAPI\Dockerfile
	EndProjectSection
EndProject
Project("{2150E333-8FDC-42A3-9474-1A3956D46DE8}") = "WebAPI", "WebAPI", "{79A773A4-4BB9-4E84-A90C-8BAB0DEE49E8}"
	ProjectSection(SolutionItems) = preProject
		dockers\internet\WebAPI\Dockerfile = dockers\internet\WebAPI\Dockerfile
	EndProjectSection
EndProject
Project("{2150E333-8FDC-42A3-9474-1A3956D46DE8}") = "Core", "Core", "{E60E58B1-9369-4235-B9A6-31E263014B85}"
EndProject
Project("{2150E333-8FDC-42A3-9474-1A3956D46DE8}") = "UseCases", "UseCases", "{0CEAB07D-FEC2-497D-89D9-AB08794D1F0D}"
EndProject
Project("{2150E333-8FDC-42A3-9474-1A3956D46DE8}") = "Main", "Main", "{B68C5B65-D29A-4C03-A606-E50AE0FB296C}"
EndProject
Project("{2150E333-8FDC-42A3-9474-1A3956D46DE8}") = "Presentation", "Presentation", "{984BE836-7EAD-4E47-961E-F058557FB87D}"
EndProject
Project("{2150E333-8FDC-42A3-9474-1A3956D46DE8}") = "Web", "Web", "{25EA9873-A086-4067-B5FC-13E75D69E307}"
EndProject
Project("{2150E333-8FDC-42A3-9474-1A3956D46DE8}") = "Blazor", "Blazor", "{6F41C74C-C723-429F-9588-34D6092F7A46}"
EndProject
Project("{2150E333-8FDC-42A3-9474-1A3956D46DE8}") = "Client", "Client", "{A65B2BC1-CA45-4D56-99F9-3E61CCD713A4}"
EndProject
Project("{2150E333-8FDC-42A3-9474-1A3956D46DE8}") = "Server", "Server", "{9BCE7CFA-7138-4000-A1F1-E05607C74A49}"
EndProject
Project("{2150E333-8FDC-42A3-9474-1A3956D46DE8}") = "sample", "sample", "{9B22C927-7112-46B9-A279-BBFA8D7ADC92}"
EndProject
Project("{2150E333-8FDC-42A3-9474-1A3956D46DE8}") = "src", "src", "{4E6485EA-A338-4926-95FA-37F8550289E1}"
EndProject
Project("{2150E333-8FDC-42A3-9474-1A3956D46DE8}") = "tests", "tests", "{73FD73E6-A420-47C0-90DE-026FBF88D00A}"
EndProject
Project("{2150E333-8FDC-42A3-9474-1A3956D46DE8}") = "Infrastructure", "Infrastructure", "{18760F63-9BE5-4768-B386-3198D9EA44B5}"
EndProject
Project("{2150E333-8FDC-42A3-9474-1A3956D46DE8}") = "Presentation", "Presentation", "{D1FFBC1B-966C-410D-AD2C-49F61A041BC1}"
EndProject
Project("{2150E333-8FDC-42A3-9474-1A3956D46DE8}") = "Services", "Services", "{8134CD51-705D-4A7D-BCE6-D8C15C45EAAF}"
EndProject
Project("{2150E333-8FDC-42A3-9474-1A3956D46DE8}") = "Web", "Web", "{A3A85AFB-BB76-4853-BDAE-B687A931DAF6}"
EndProject
Project("{2150E333-8FDC-42A3-9474-1A3956D46DE8}") = "GraphQL", "GraphQL", "{D9A8C0A6-D33F-46BA-B5FA-5328D2B5C44B}"
EndProject
Project("{2150E333-8FDC-42A3-9474-1A3956D46DE8}") = "gRPC", "gRPC", "{35309B6D-147B-459A-848A-2F3555EF5179}"
EndProject
Project("{2150E333-8FDC-42A3-9474-1A3956D46DE8}") = "Share", "Share", "{F030B3F0-BCC0-4985-A505-A40D7456DF3C}"
EndProject
Project("{2150E333-8FDC-42A3-9474-1A3956D46DE8}") = "WebAPI", "WebAPI", "{A9A29696-E80D-4E9D-8332-21C4002E4236}"
	ProjectSection(SolutionItems) = preProject
		sample\src\Presentation\Services\WebAPI\Cheetah.Sample.Presentation.Services.WebAPI.csproj = sample\src\Presentation\Services\WebAPI\Cheetah.Sample.Presentation.Services.WebAPI.csproj
	EndProjectSection
EndProject
Project("{2150E333-8FDC-42A3-9474-1A3956D46DE8}") = "Blazor", "Blazor", "{47FA6B4A-37FB-4EB2-AD6B-8914D2342C4A}"
EndProject
Project("{2150E333-8FDC-42A3-9474-1A3956D46DE8}") = "Client", "Client", "{A926EABA-4859-4836-A248-D58DF92B278D}"
	ProjectSection(SolutionItems) = preProject
		sample\src\Presentation\Web\Blazor\Client\Cheetah.Sample.Presentation.Web.Blazor.Client.csproj = sample\src\Presentation\Web\Blazor\Client\Cheetah.Sample.Presentation.Web.Blazor.Client.csproj
	EndProjectSection
EndProject
Project("{2150E333-8FDC-42A3-9474-1A3956D46DE8}") = "Server", "Server", "{1AD0F76E-D6C8-492E-8DEA-895D4C01854A}"
EndProject
Project("{9A19103F-16F7-4668-BE54-9A1E7A4F7556}") = "Cheetah.Sample.Presentation.Web.Blazor.Server", "sample\src\Presentation\Web\Blazor\Server\Cheetah.Sample.Presentation.Web.Blazor.Server.csproj", "{0D17C29E-F2E6-497B-8D88-EB26CA1B2060}"
EndProject
Project("{9A19103F-16F7-4668-BE54-9A1E7A4F7556}") = "Cheetah.Sample.Presentation.Services.Share", "sample\src\Presentation\Services\Share\Cheetah.Sample.Presentation.Services.Share.csproj", "{E59144E4-B8FA-4781-8BC5-201D9EC96C33}"
EndProject
Project("{9A19103F-16F7-4668-BE54-9A1E7A4F7556}") = "Cheetah.Sample.Presentation.Services.gRPC", "sample\src\Presentation\Services\gRPC\Cheetah.Sample.Presentation.Services.gRPC.csproj", "{06899C13-5825-45F3-B5F4-2BC634D1A4B7}"
EndProject
Project("{9A19103F-16F7-4668-BE54-9A1E7A4F7556}") = "Cheetah.Sample.Presentation.Services.GraphQL", "sample\src\Presentation\Services\GraphQL\Cheetah.Sample.Presentation.Services.GraphQL.csproj", "{BEC35B9F-C823-4ABE-A29B-BF8D021DE084}"
EndProject
Project("{9A19103F-16F7-4668-BE54-9A1E7A4F7556}") = "Cheetah.Sample.Infrastructure", "sample\src\Infrastructure\Cheetah.Sample.Infrastructure.csproj", "{DC7727A5-C1A2-44A1-87A0-624B7373D3A3}"
EndProject
Project("{2150E333-8FDC-42A3-9474-1A3956D46DE8}") = "SampleWebAPI", "SampleWebAPI", "{01338E17-868A-4D29-B0E6-B6FE1276730C}"
	ProjectSection(SolutionItems) = preProject
		dockers\internet\SampleWebAPI\Dockerfile = dockers\internet\SampleWebAPI\Dockerfile
	EndProjectSection
EndProject
Global
	GlobalSection(SolutionConfigurationPlatforms) = preSolution
		Debug|Any CPU = Debug|Any CPU
		Release|Any CPU = Release|Any CPU
	EndGlobalSection
	GlobalSection(ProjectConfigurationPlatforms) = postSolution
		{228EF986-C3C5-4504-90DA-23F2F5AA40C3}.Debug|Any CPU.ActiveCfg = Debug|Any CPU
		{228EF986-C3C5-4504-90DA-23F2F5AA40C3}.Debug|Any CPU.Build.0 = Debug|Any CPU
		{228EF986-C3C5-4504-90DA-23F2F5AA40C3}.Release|Any CPU.ActiveCfg = Release|Any CPU
		{228EF986-C3C5-4504-90DA-23F2F5AA40C3}.Release|Any CPU.Build.0 = Release|Any CPU
		{C2C228C1-7D72-4C97-BD62-B3ECC0C7ECEF}.Debug|Any CPU.ActiveCfg = Debug|Any CPU
		{C2C228C1-7D72-4C97-BD62-B3ECC0C7ECEF}.Debug|Any CPU.Build.0 = Debug|Any CPU
		{C2C228C1-7D72-4C97-BD62-B3ECC0C7ECEF}.Release|Any CPU.ActiveCfg = Release|Any CPU
		{C2C228C1-7D72-4C97-BD62-B3ECC0C7ECEF}.Release|Any CPU.Build.0 = Release|Any CPU
		{075FC1B4-4354-46E9-9270-B5B7FAE9008C}.Debug|Any CPU.ActiveCfg = Debug|Any CPU
		{075FC1B4-4354-46E9-9270-B5B7FAE9008C}.Debug|Any CPU.Build.0 = Debug|Any CPU
		{075FC1B4-4354-46E9-9270-B5B7FAE9008C}.Release|Any CPU.ActiveCfg = Release|Any CPU
		{075FC1B4-4354-46E9-9270-B5B7FAE9008C}.Release|Any CPU.Build.0 = Release|Any CPU
		{71E22712-9606-4260-8335-30E349E58EC8}.Debug|Any CPU.ActiveCfg = Debug|Any CPU
		{71E22712-9606-4260-8335-30E349E58EC8}.Debug|Any CPU.Build.0 = Debug|Any CPU
		{71E22712-9606-4260-8335-30E349E58EC8}.Release|Any CPU.ActiveCfg = Release|Any CPU
		{71E22712-9606-4260-8335-30E349E58EC8}.Release|Any CPU.Build.0 = Release|Any CPU
		{6247C7D4-02AF-4D8F-820F-1D0A78EA6362}.Debug|Any CPU.ActiveCfg = Debug|Any CPU
		{6247C7D4-02AF-4D8F-820F-1D0A78EA6362}.Debug|Any CPU.Build.0 = Debug|Any CPU
		{6247C7D4-02AF-4D8F-820F-1D0A78EA6362}.Release|Any CPU.ActiveCfg = Release|Any CPU
		{6247C7D4-02AF-4D8F-820F-1D0A78EA6362}.Release|Any CPU.Build.0 = Release|Any CPU
		{6AE7EBF6-E242-4C25-9688-6F71AE57E289}.Debug|Any CPU.ActiveCfg = Debug|Any CPU
		{6AE7EBF6-E242-4C25-9688-6F71AE57E289}.Debug|Any CPU.Build.0 = Debug|Any CPU
		{6AE7EBF6-E242-4C25-9688-6F71AE57E289}.Release|Any CPU.ActiveCfg = Release|Any CPU
		{6AE7EBF6-E242-4C25-9688-6F71AE57E289}.Release|Any CPU.Build.0 = Release|Any CPU
		{E68D7C74-E3B5-4EB1-B4E0-2348E3E2746E}.Debug|Any CPU.ActiveCfg = Debug|Any CPU
		{E68D7C74-E3B5-4EB1-B4E0-2348E3E2746E}.Debug|Any CPU.Build.0 = Debug|Any CPU
		{E68D7C74-E3B5-4EB1-B4E0-2348E3E2746E}.Release|Any CPU.ActiveCfg = Release|Any CPU
		{E68D7C74-E3B5-4EB1-B4E0-2348E3E2746E}.Release|Any CPU.Build.0 = Release|Any CPU
		{D913E6E1-ED12-4DBF-BA35-35FB11E76751}.Debug|Any CPU.ActiveCfg = Debug|Any CPU
		{D913E6E1-ED12-4DBF-BA35-35FB11E76751}.Debug|Any CPU.Build.0 = Debug|Any CPU
		{D913E6E1-ED12-4DBF-BA35-35FB11E76751}.Release|Any CPU.ActiveCfg = Release|Any CPU
		{D913E6E1-ED12-4DBF-BA35-35FB11E76751}.Release|Any CPU.Build.0 = Release|Any CPU
		{4B1DEC3C-7F9C-4553-B47B-68780B9ADEB4}.Debug|Any CPU.ActiveCfg = Debug|Any CPU
		{4B1DEC3C-7F9C-4553-B47B-68780B9ADEB4}.Debug|Any CPU.Build.0 = Debug|Any CPU
		{4B1DEC3C-7F9C-4553-B47B-68780B9ADEB4}.Release|Any CPU.ActiveCfg = Release|Any CPU
		{4B1DEC3C-7F9C-4553-B47B-68780B9ADEB4}.Release|Any CPU.Build.0 = Release|Any CPU
		{0D17C29E-F2E6-497B-8D88-EB26CA1B2060}.Debug|Any CPU.ActiveCfg = Debug|Any CPU
		{0D17C29E-F2E6-497B-8D88-EB26CA1B2060}.Debug|Any CPU.Build.0 = Debug|Any CPU
		{0D17C29E-F2E6-497B-8D88-EB26CA1B2060}.Release|Any CPU.ActiveCfg = Release|Any CPU
		{0D17C29E-F2E6-497B-8D88-EB26CA1B2060}.Release|Any CPU.Build.0 = Release|Any CPU
		{E59144E4-B8FA-4781-8BC5-201D9EC96C33}.Debug|Any CPU.ActiveCfg = Debug|Any CPU
		{E59144E4-B8FA-4781-8BC5-201D9EC96C33}.Debug|Any CPU.Build.0 = Debug|Any CPU
		{E59144E4-B8FA-4781-8BC5-201D9EC96C33}.Release|Any CPU.ActiveCfg = Release|Any CPU
		{E59144E4-B8FA-4781-8BC5-201D9EC96C33}.Release|Any CPU.Build.0 = Release|Any CPU
		{06899C13-5825-45F3-B5F4-2BC634D1A4B7}.Debug|Any CPU.ActiveCfg = Debug|Any CPU
		{06899C13-5825-45F3-B5F4-2BC634D1A4B7}.Debug|Any CPU.Build.0 = Debug|Any CPU
		{06899C13-5825-45F3-B5F4-2BC634D1A4B7}.Release|Any CPU.ActiveCfg = Release|Any CPU
		{06899C13-5825-45F3-B5F4-2BC634D1A4B7}.Release|Any CPU.Build.0 = Release|Any CPU
		{BEC35B9F-C823-4ABE-A29B-BF8D021DE084}.Debug|Any CPU.ActiveCfg = Debug|Any CPU
		{BEC35B9F-C823-4ABE-A29B-BF8D021DE084}.Debug|Any CPU.Build.0 = Debug|Any CPU
		{BEC35B9F-C823-4ABE-A29B-BF8D021DE084}.Release|Any CPU.ActiveCfg = Release|Any CPU
		{BEC35B9F-C823-4ABE-A29B-BF8D021DE084}.Release|Any CPU.Build.0 = Release|Any CPU
		{DC7727A5-C1A2-44A1-87A0-624B7373D3A3}.Debug|Any CPU.ActiveCfg = Debug|Any CPU
		{DC7727A5-C1A2-44A1-87A0-624B7373D3A3}.Debug|Any CPU.Build.0 = Debug|Any CPU
		{DC7727A5-C1A2-44A1-87A0-624B7373D3A3}.Release|Any CPU.ActiveCfg = Release|Any CPU
		{DC7727A5-C1A2-44A1-87A0-624B7373D3A3}.Release|Any CPU.Build.0 = Release|Any CPU
	EndGlobalSection
	GlobalSection(SolutionProperties) = preSolution
		HideSolutionNode = FALSE
	EndGlobalSection
	GlobalSection(NestedProjects) = preSolution
		{228EF986-C3C5-4504-90DA-23F2F5AA40C3} = {E60E58B1-9369-4235-B9A6-31E263014B85}
		{C2C228C1-7D72-4C97-BD62-B3ECC0C7ECEF} = {0CEAB07D-FEC2-497D-89D9-AB08794D1F0D}
		{075FC1B4-4354-46E9-9270-B5B7FAE9008C} = {B68C5B65-D29A-4C03-A606-E50AE0FB296C}
		{71E22712-9606-4260-8335-30E349E58EC8} = {ACE38A6A-D0BF-461E-8E94-EA0472821142}
		{6247C7D4-02AF-4D8F-820F-1D0A78EA6362} = {ACE38A6A-D0BF-461E-8E94-EA0472821142}
		{6AE7EBF6-E242-4C25-9688-6F71AE57E289} = {8134CD51-705D-4A7D-BCE6-D8C15C45EAAF}
		{E3650071-446E-4A8A-8AFD-3E510B8CF848} = {5681EDC5-D792-4347-BC7A-AD18764005B8}
		{ACE38A6A-D0BF-461E-8E94-EA0472821142} = {E3650071-446E-4A8A-8AFD-3E510B8CF848}
		{1FD212CF-7881-475C-8F80-540144E9677B} = {22FB4589-8ED9-4A79-B0B8-18E6478FF09B}
		{9C3921CA-C6F1-4EEE-93F8-F7FF69328CD7} = {1FD212CF-7881-475C-8F80-540144E9677B}
		{5149CFBC-DCEB-4FBE-8652-9B0A795C15B2} = {1FD212CF-7881-475C-8F80-540144E9677B}
		{A051E5A7-0DD8-49C3-88DD-A85A35ED9261} = {5149CFBC-DCEB-4FBE-8652-9B0A795C15B2}
		{6A60DE9A-ADA5-4EF4-BA10-E8C6E2F06D1F} = {9C3921CA-C6F1-4EEE-93F8-F7FF69328CD7}
		{066490EF-E6BD-4A7D-8058-3C4DF2BE5EF7} = {9C3921CA-C6F1-4EEE-93F8-F7FF69328CD7}
		{081E097B-66B6-4724-8678-9F16B41611A3} = {5149CFBC-DCEB-4FBE-8652-9B0A795C15B2}
		{17631744-F13A-42D2-A978-8D193F79713E} = {9C3921CA-C6F1-4EEE-93F8-F7FF69328CD7}
		{E68D7C74-E3B5-4EB1-B4E0-2348E3E2746E} = {7ECD6231-3744-4002-8B3D-8040A2FF403A}
		{D913E6E1-ED12-4DBF-BA35-35FB11E76751} = {7ECD6231-3744-4002-8B3D-8040A2FF403A}
		{4B1DEC3C-7F9C-4553-B47B-68780B9ADEB4} = {7ECD6231-3744-4002-8B3D-8040A2FF403A}
		{5DC77B22-5761-4824-83E3-11AA552AB8F0} = {5149CFBC-DCEB-4FBE-8652-9B0A795C15B2}
		{79A773A4-4BB9-4E84-A90C-8BAB0DEE49E8} = {9C3921CA-C6F1-4EEE-93F8-F7FF69328CD7}
		{E60E58B1-9369-4235-B9A6-31E263014B85} = {5681EDC5-D792-4347-BC7A-AD18764005B8}
		{0CEAB07D-FEC2-497D-89D9-AB08794D1F0D} = {5681EDC5-D792-4347-BC7A-AD18764005B8}
		{B68C5B65-D29A-4C03-A606-E50AE0FB296C} = {E3650071-446E-4A8A-8AFD-3E510B8CF848}
		{984BE836-7EAD-4E47-961E-F058557FB87D} = {5681EDC5-D792-4347-BC7A-AD18764005B8}
		{25EA9873-A086-4067-B5FC-13E75D69E307} = {984BE836-7EAD-4E47-961E-F058557FB87D}
		{6F41C74C-C723-429F-9588-34D6092F7A46} = {25EA9873-A086-4067-B5FC-13E75D69E307}
		{A65B2BC1-CA45-4D56-99F9-3E61CCD713A4} = {6F41C74C-C723-429F-9588-34D6092F7A46}
		{9BCE7CFA-7138-4000-A1F1-E05607C74A49} = {6F41C74C-C723-429F-9588-34D6092F7A46}
		{4E6485EA-A338-4926-95FA-37F8550289E1} = {9B22C927-7112-46B9-A279-BBFA8D7ADC92}
		{73FD73E6-A420-47C0-90DE-026FBF88D00A} = {9B22C927-7112-46B9-A279-BBFA8D7ADC92}
		{18760F63-9BE5-4768-B386-3198D9EA44B5} = {4E6485EA-A338-4926-95FA-37F8550289E1}
		{D1FFBC1B-966C-410D-AD2C-49F61A041BC1} = {4E6485EA-A338-4926-95FA-37F8550289E1}
		{8134CD51-705D-4A7D-BCE6-D8C15C45EAAF} = {D1FFBC1B-966C-410D-AD2C-49F61A041BC1}
		{A3A85AFB-BB76-4853-BDAE-B687A931DAF6} = {D1FFBC1B-966C-410D-AD2C-49F61A041BC1}
		{D9A8C0A6-D33F-46BA-B5FA-5328D2B5C44B} = {8134CD51-705D-4A7D-BCE6-D8C15C45EAAF}
		{35309B6D-147B-459A-848A-2F3555EF5179} = {8134CD51-705D-4A7D-BCE6-D8C15C45EAAF}
		{F030B3F0-BCC0-4985-A505-A40D7456DF3C} = {8134CD51-705D-4A7D-BCE6-D8C15C45EAAF}
		{A9A29696-E80D-4E9D-8332-21C4002E4236} = {8134CD51-705D-4A7D-BCE6-D8C15C45EAAF}
		{47FA6B4A-37FB-4EB2-AD6B-8914D2342C4A} = {A3A85AFB-BB76-4853-BDAE-B687A931DAF6}
		{A926EABA-4859-4836-A248-D58DF92B278D} = {47FA6B4A-37FB-4EB2-AD6B-8914D2342C4A}
		{1AD0F76E-D6C8-492E-8DEA-895D4C01854A} = {47FA6B4A-37FB-4EB2-AD6B-8914D2342C4A}
		{0D17C29E-F2E6-497B-8D88-EB26CA1B2060} = {1AD0F76E-D6C8-492E-8DEA-895D4C01854A}
		{E59144E4-B8FA-4781-8BC5-201D9EC96C33} = {F030B3F0-BCC0-4985-A505-A40D7456DF3C}
		{06899C13-5825-45F3-B5F4-2BC634D1A4B7} = {35309B6D-147B-459A-848A-2F3555EF5179}
		{BEC35B9F-C823-4ABE-A29B-BF8D021DE084} = {D9A8C0A6-D33F-46BA-B5FA-5328D2B5C44B}
		{DC7727A5-C1A2-44A1-87A0-624B7373D3A3} = {18760F63-9BE5-4768-B386-3198D9EA44B5}
		{01338E17-868A-4D29-B0E6-B6FE1276730C} = {9C3921CA-C6F1-4EEE-93F8-F7FF69328CD7}
	EndGlobalSection
	GlobalSection(ExtensibilityGlobals) = postSolution
		SolutionGuid = {969943B1-3883-4A12-8F5C-72233444D018}
	EndGlobalSection
EndGlobal
