
Microsoft Visual Studio Solution File, Format Version 12.00
# Visual Studio Version 17
VisualStudioVersion = 17.4.33213.308
MinimumVisualStudioVersion = 10.0.40219.1
Project("{9A19103F-16F7-4668-BE54-9A1E7A4F7556}") = "Cheetah.Presentation.Web.Blazor.Server", "Cheetah.Presentation.Web.Blazor.Server\Cheetah.Presentation.Web.Blazor.Server.csproj", "{8203F184-4A69-473B-A930-CA46B6B6154B}"
EndProject
Project("{9A19103F-16F7-4668-BE54-9A1E7A4F7556}") = "Cheetah.Presentation.Services.GraphQL", "Cheetah.Presentation.Services.GraphQL\Cheetah.Presentation.Services.GraphQL.csproj", "{C579A033-D773-4D99-9235-F95D5D43DEBB}"
EndProject
Project("{9A19103F-16F7-4668-BE54-9A1E7A4F7556}") = "Cheetah.Infrastructure.Persistence", "Cheetah.Infrastructure.Persistence\Cheetah.Infrastructure.Persistence.csproj", "{960836BF-B0FC-4DFC-83A1-0036DB25A542}"
EndProject
Project("{9A19103F-16F7-4668-BE54-9A1E7A4F7556}") = "Cheetah.Presentation.Web.Blazor.Client", "Cheetah.Presentation.Web.Blazor.Client\Cheetah.Presentation.Web.Blazor.Client.csproj", "{47E3D0B2-0C4C-491E-AA43-52DACA158F75}"
EndProject
Project("{9A19103F-16F7-4668-BE54-9A1E7A4F7556}") = "Cheetah.Domain", "Cheetah.Domain\Cheetah.Domain.csproj", "{228EF986-C3C5-4504-90DA-23F2F5AA40C3}"
EndProject
Project("{9A19103F-16F7-4668-BE54-9A1E7A4F7556}") = "Cheetah.Infrastructure.Persistence.Providers.Npgsql", "Cheetah.Infrastructure.Persistence.Providers.Npgsql\Cheetah.Infrastructure.Persistence.Providers.Npgsql.csproj", "{2D689A0B-BD27-4AA2-A098-8CCC1F50848B}"
EndProject
Project("{9A19103F-16F7-4668-BE54-9A1E7A4F7556}") = "Cheetah.Infrastructure.Persistence.Providers.SqlServer", "Cheetah.Infrastructure.Persistence.Providers.SqlServer\Cheetah.Infrastructure.Persistence.Providers.SqlServer.csproj", "{5426EE32-853A-4565-8811-91FC747B848D}"
EndProject
Project("{9A19103F-16F7-4668-BE54-9A1E7A4F7556}") = "Cheetah.Presentation.Services.gRPC", "Cheetah.Presentation.Services.gRPC\Cheetah.Presentation.Services.gRPC.csproj", "{B688A533-38B1-4566-B332-95C15689A478}"
EndProject
Project("{2150E333-8FDC-42A3-9474-1A3956D46DE8}") = "Cheetah.Infrastructure", "Cheetah.Infrastructure", "{E3650071-446E-4A8A-8AFD-3E510B8CF848}"
EndProject
Project("{2150E333-8FDC-42A3-9474-1A3956D46DE8}") = "Cheetah.Infrastructure.Persistence", "Cheetah.Infrastructure.Persistence", "{2A785E5C-5A88-48D7-9472-5902E2283C7C}"
EndProject
Project("{2150E333-8FDC-42A3-9474-1A3956D46DE8}") = "Cheetah.Infrastructure.Persistence.Providers", "Cheetah.Infrastructure.Persistence.Providers", "{ACE38A6A-D0BF-461E-8E94-EA0472821142}"
	ProjectSection(SolutionItems) = preProject
		Migration.txt = Migration.txt
	EndProjectSection
EndProject
Project("{2150E333-8FDC-42A3-9474-1A3956D46DE8}") = "Cheetah.Presentation.Web", "Cheetah.Presentation.Web", "{7AF10026-6966-4DEF-90E1-CCB50EA59800}"
EndProject
Project("{2150E333-8FDC-42A3-9474-1A3956D46DE8}") = "Cheetah.Domain", "Cheetah.Domain", "{DD1A666F-DEE7-44AC-9EE4-78C3919A3875}"
EndProject
Project("{2150E333-8FDC-42A3-9474-1A3956D46DE8}") = "Cheetah.Application", "Cheetah.Application", "{682F2031-CEDB-46F9-8B4B-62BE20B291C2}"
EndProject
Project("{2150E333-8FDC-42A3-9474-1A3956D46DE8}") = "Cheetah.Presentation.Services", "Cheetah.Presentation.Services", "{BA5B8226-B742-4E75-A333-871DA96E15F3}"
EndProject
Project("{2150E333-8FDC-42A3-9474-1A3956D46DE8}") = "Cheetah.Presentation", "Cheetah.Presentation", "{34EA5201-210E-4794-B1FD-57F464B8514F}"
EndProject
Project("{9A19103F-16F7-4668-BE54-9A1E7A4F7556}") = "Cheetah.Application.Business", "Cheetah.Application.Business\Cheetah.Application.Business.csproj", "{2AB23359-6C3E-4459-873B-FDBAB666294A}"
EndProject
Global
	GlobalSection(SolutionConfigurationPlatforms) = preSolution
		Debug|Any CPU = Debug|Any CPU
		Release|Any CPU = Release|Any CPU
	EndGlobalSection
	GlobalSection(ProjectConfigurationPlatforms) = postSolution
		{8203F184-4A69-473B-A930-CA46B6B6154B}.Debug|Any CPU.ActiveCfg = Debug|Any CPU
		{8203F184-4A69-473B-A930-CA46B6B6154B}.Debug|Any CPU.Build.0 = Debug|Any CPU
		{8203F184-4A69-473B-A930-CA46B6B6154B}.Release|Any CPU.ActiveCfg = Release|Any CPU
		{8203F184-4A69-473B-A930-CA46B6B6154B}.Release|Any CPU.Build.0 = Release|Any CPU
		{C579A033-D773-4D99-9235-F95D5D43DEBB}.Debug|Any CPU.ActiveCfg = Debug|Any CPU
		{C579A033-D773-4D99-9235-F95D5D43DEBB}.Debug|Any CPU.Build.0 = Debug|Any CPU
		{C579A033-D773-4D99-9235-F95D5D43DEBB}.Release|Any CPU.ActiveCfg = Release|Any CPU
		{C579A033-D773-4D99-9235-F95D5D43DEBB}.Release|Any CPU.Build.0 = Release|Any CPU
		{960836BF-B0FC-4DFC-83A1-0036DB25A542}.Debug|Any CPU.ActiveCfg = Debug|Any CPU
		{960836BF-B0FC-4DFC-83A1-0036DB25A542}.Debug|Any CPU.Build.0 = Debug|Any CPU
		{960836BF-B0FC-4DFC-83A1-0036DB25A542}.Release|Any CPU.ActiveCfg = Release|Any CPU
		{960836BF-B0FC-4DFC-83A1-0036DB25A542}.Release|Any CPU.Build.0 = Release|Any CPU
		{47E3D0B2-0C4C-491E-AA43-52DACA158F75}.Debug|Any CPU.ActiveCfg = Debug|Any CPU
		{47E3D0B2-0C4C-491E-AA43-52DACA158F75}.Debug|Any CPU.Build.0 = Debug|Any CPU
		{47E3D0B2-0C4C-491E-AA43-52DACA158F75}.Release|Any CPU.ActiveCfg = Release|Any CPU
		{47E3D0B2-0C4C-491E-AA43-52DACA158F75}.Release|Any CPU.Build.0 = Release|Any CPU
		{228EF986-C3C5-4504-90DA-23F2F5AA40C3}.Debug|Any CPU.ActiveCfg = Debug|Any CPU
		{228EF986-C3C5-4504-90DA-23F2F5AA40C3}.Debug|Any CPU.Build.0 = Debug|Any CPU
		{228EF986-C3C5-4504-90DA-23F2F5AA40C3}.Release|Any CPU.ActiveCfg = Release|Any CPU
		{228EF986-C3C5-4504-90DA-23F2F5AA40C3}.Release|Any CPU.Build.0 = Release|Any CPU
		{2D689A0B-BD27-4AA2-A098-8CCC1F50848B}.Debug|Any CPU.ActiveCfg = Debug|Any CPU
		{2D689A0B-BD27-4AA2-A098-8CCC1F50848B}.Debug|Any CPU.Build.0 = Debug|Any CPU
		{2D689A0B-BD27-4AA2-A098-8CCC1F50848B}.Release|Any CPU.ActiveCfg = Release|Any CPU
		{2D689A0B-BD27-4AA2-A098-8CCC1F50848B}.Release|Any CPU.Build.0 = Release|Any CPU
		{5426EE32-853A-4565-8811-91FC747B848D}.Debug|Any CPU.ActiveCfg = Debug|Any CPU
		{5426EE32-853A-4565-8811-91FC747B848D}.Debug|Any CPU.Build.0 = Debug|Any CPU
		{5426EE32-853A-4565-8811-91FC747B848D}.Release|Any CPU.ActiveCfg = Release|Any CPU
		{5426EE32-853A-4565-8811-91FC747B848D}.Release|Any CPU.Build.0 = Release|Any CPU
		{B688A533-38B1-4566-B332-95C15689A478}.Debug|Any CPU.ActiveCfg = Debug|Any CPU
		{B688A533-38B1-4566-B332-95C15689A478}.Debug|Any CPU.Build.0 = Debug|Any CPU
		{B688A533-38B1-4566-B332-95C15689A478}.Release|Any CPU.ActiveCfg = Release|Any CPU
		{B688A533-38B1-4566-B332-95C15689A478}.Release|Any CPU.Build.0 = Release|Any CPU
		{2AB23359-6C3E-4459-873B-FDBAB666294A}.Debug|Any CPU.ActiveCfg = Debug|Any CPU
		{2AB23359-6C3E-4459-873B-FDBAB666294A}.Debug|Any CPU.Build.0 = Debug|Any CPU
		{2AB23359-6C3E-4459-873B-FDBAB666294A}.Release|Any CPU.ActiveCfg = Release|Any CPU
		{2AB23359-6C3E-4459-873B-FDBAB666294A}.Release|Any CPU.Build.0 = Release|Any CPU
	EndGlobalSection
	GlobalSection(SolutionProperties) = preSolution
		HideSolutionNode = FALSE
	EndGlobalSection
	GlobalSection(NestedProjects) = preSolution
		{8203F184-4A69-473B-A930-CA46B6B6154B} = {7AF10026-6966-4DEF-90E1-CCB50EA59800}
		{C579A033-D773-4D99-9235-F95D5D43DEBB} = {BA5B8226-B742-4E75-A333-871DA96E15F3}
		{960836BF-B0FC-4DFC-83A1-0036DB25A542} = {2A785E5C-5A88-48D7-9472-5902E2283C7C}
		{47E3D0B2-0C4C-491E-AA43-52DACA158F75} = {7AF10026-6966-4DEF-90E1-CCB50EA59800}
		{228EF986-C3C5-4504-90DA-23F2F5AA40C3} = {DD1A666F-DEE7-44AC-9EE4-78C3919A3875}
		{2D689A0B-BD27-4AA2-A098-8CCC1F50848B} = {ACE38A6A-D0BF-461E-8E94-EA0472821142}
		{5426EE32-853A-4565-8811-91FC747B848D} = {ACE38A6A-D0BF-461E-8E94-EA0472821142}
		{B688A533-38B1-4566-B332-95C15689A478} = {BA5B8226-B742-4E75-A333-871DA96E15F3}
		{2A785E5C-5A88-48D7-9472-5902E2283C7C} = {E3650071-446E-4A8A-8AFD-3E510B8CF848}
		{ACE38A6A-D0BF-461E-8E94-EA0472821142} = {2A785E5C-5A88-48D7-9472-5902E2283C7C}
		{7AF10026-6966-4DEF-90E1-CCB50EA59800} = {34EA5201-210E-4794-B1FD-57F464B8514F}
		{BA5B8226-B742-4E75-A333-871DA96E15F3} = {34EA5201-210E-4794-B1FD-57F464B8514F}
		{2AB23359-6C3E-4459-873B-FDBAB666294A} = {682F2031-CEDB-46F9-8B4B-62BE20B291C2}
	EndGlobalSection
	GlobalSection(ExtensibilityGlobals) = postSolution
		SolutionGuid = {969943B1-3883-4A12-8F5C-72233444D018}
	EndGlobalSection
EndGlobal
