
Microsoft Visual Studio Solution File, Format Version 12.00
# Visual Studio Version 17
VisualStudioVersion = 17.11.35208.52
MinimumVisualStudioVersion = 10.0.40219.1
Project("{2150E333-8FDC-42A3-9474-1A3956D46DE8}") = "src", "src", "{78E2EE99-CEEF-4EB2-A589-DF28C4AD994D}"
EndProject
Project("{2150E333-8FDC-42A3-9474-1A3956D46DE8}") = "Infrastructure", "Infrastructure", "{C84A8314-6B51-4F5C-9E3F-0CB7622EF5E3}"
EndProject
Project("{2150E333-8FDC-42A3-9474-1A3956D46DE8}") = "Presentation", "Presentation", "{8FEA325A-6DA3-464F-BC90-466FE0CB8C42}"
EndProject
Project("{2150E333-8FDC-42A3-9474-1A3956D46DE8}") = "Services", "Services", "{BE562988-52D6-452C-81AA-1070A45AB722}"
EndProject
Project("{2150E333-8FDC-42A3-9474-1A3956D46DE8}") = "Web", "Web", "{D3275553-C427-4C20-8771-7FCBAD0498B2}"
EndProject
Project("{2150E333-8FDC-42A3-9474-1A3956D46DE8}") = "GraphQL", "GraphQL", "{2B97B3CA-A47E-4363-B980-D5B59174ACE3}"
EndProject
Project("{2150E333-8FDC-42A3-9474-1A3956D46DE8}") = "gRPC", "gRPC", "{D9E393BF-79E7-4FCA-9891-01B4DFE41950}"
EndProject
Project("{2150E333-8FDC-42A3-9474-1A3956D46DE8}") = "Share", "Share", "{294BA286-CE12-4CE7-8A7D-6AA28F2A69BD}"
EndProject
Project("{2150E333-8FDC-42A3-9474-1A3956D46DE8}") = "WebAPI", "WebAPI", "{8DFF07E6-D770-4D9D-8FB7-09420D09FB6D}"
EndProject
Project("{2150E333-8FDC-42A3-9474-1A3956D46DE8}") = "Blazor", "Blazor", "{76E3586D-732B-47A2-96E9-2D8BE5911E12}"
EndProject
Project("{2150E333-8FDC-42A3-9474-1A3956D46DE8}") = "Client", "Client", "{BDC5C2D8-AE9A-4F15-8F4D-93186B665811}"
EndProject
Project("{2150E333-8FDC-42A3-9474-1A3956D46DE8}") = "Server", "Server", "{38772A89-E118-40AD-A1B4-1C078968A526}"
EndProject
Project("{9A19103F-16F7-4668-BE54-9A1E7A4F7556}") = "Cheetah.Sample.Infrastructure", "src\Infrastructure\Cheetah.Sample.Infrastructure.csproj", "{7C018A2A-AE02-47DF-92BA-D25EA28D562C}"
EndProject
Project("{9A19103F-16F7-4668-BE54-9A1E7A4F7556}") = "Cheetah.Sample.Presentation.Services.Share", "src\Presentation\Services\Share\Cheetah.Sample.Presentation.Services.Share.csproj", "{57A57091-0180-406E-9F3B-9EF7AB5892FA}"
EndProject
Project("{9A19103F-16F7-4668-BE54-9A1E7A4F7556}") = "Cheetah.Sample.Presentation.Services.WebAPI", "src\Presentation\Services\WebAPI\Cheetah.Sample.Presentation.Services.WebAPI.csproj", "{E0E89376-B2FD-4E1E-8870-27A5E2E09330}"
EndProject
Project("{9A19103F-16F7-4668-BE54-9A1E7A4F7556}") = "Cheetah.Sample.Presentation.Services.gRPC", "src\Presentation\Services\gRPC\Cheetah.Sample.Presentation.Services.gRPC.csproj", "{A0150C0D-03C9-457A-AB8D-A20BC9023310}"
EndProject
Project("{9A19103F-16F7-4668-BE54-9A1E7A4F7556}") = "Cheetah.Sample.Presentation.Services.GraphQL", "src\Presentation\Services\GraphQL\Cheetah.Sample.Presentation.Services.GraphQL.csproj", "{9EEBF2E3-1FC1-4474-B455-1A6C61A18AF9}"
EndProject
Project("{9A19103F-16F7-4668-BE54-9A1E7A4F7556}") = "Cheetah.Sample.Presentation.Web.Blazor.Client", "src\Presentation\Web\Blazor\Client\Cheetah.Sample.Presentation.Web.Blazor.Client.csproj", "{0433734F-161D-4FCB-8D17-AC978BA023B2}"
EndProject
Project("{9A19103F-16F7-4668-BE54-9A1E7A4F7556}") = "Cheetah.Sample.Presentation.Web.Blazor.Server", "src\Presentation\Web\Blazor\Server\Cheetah.Sample.Presentation.Web.Blazor.Server.csproj", "{AC7B82CA-83C0-4970-BDB1-02CBDB41C910}"
EndProject
Project("{2150E333-8FDC-42A3-9474-1A3956D46DE8}") = "tests", "tests", "{C5F24AC0-12B2-4657-9549-3880B118A807}"
EndProject
Global
	GlobalSection(SolutionConfigurationPlatforms) = preSolution
		Debug|Any CPU = Debug|Any CPU
		Release|Any CPU = Release|Any CPU
	EndGlobalSection
	GlobalSection(ProjectConfigurationPlatforms) = postSolution
		{7C018A2A-AE02-47DF-92BA-D25EA28D562C}.Debug|Any CPU.ActiveCfg = Debug|Any CPU
		{7C018A2A-AE02-47DF-92BA-D25EA28D562C}.Debug|Any CPU.Build.0 = Debug|Any CPU
		{7C018A2A-AE02-47DF-92BA-D25EA28D562C}.Release|Any CPU.ActiveCfg = Release|Any CPU
		{7C018A2A-AE02-47DF-92BA-D25EA28D562C}.Release|Any CPU.Build.0 = Release|Any CPU
		{57A57091-0180-406E-9F3B-9EF7AB5892FA}.Debug|Any CPU.ActiveCfg = Debug|Any CPU
		{57A57091-0180-406E-9F3B-9EF7AB5892FA}.Debug|Any CPU.Build.0 = Debug|Any CPU
		{57A57091-0180-406E-9F3B-9EF7AB5892FA}.Release|Any CPU.ActiveCfg = Release|Any CPU
		{57A57091-0180-406E-9F3B-9EF7AB5892FA}.Release|Any CPU.Build.0 = Release|Any CPU
		{E0E89376-B2FD-4E1E-8870-27A5E2E09330}.Debug|Any CPU.ActiveCfg = Debug|Any CPU
		{E0E89376-B2FD-4E1E-8870-27A5E2E09330}.Debug|Any CPU.Build.0 = Debug|Any CPU
		{E0E89376-B2FD-4E1E-8870-27A5E2E09330}.Release|Any CPU.ActiveCfg = Release|Any CPU
		{E0E89376-B2FD-4E1E-8870-27A5E2E09330}.Release|Any CPU.Build.0 = Release|Any CPU
		{A0150C0D-03C9-457A-AB8D-A20BC9023310}.Debug|Any CPU.ActiveCfg = Debug|Any CPU
		{A0150C0D-03C9-457A-AB8D-A20BC9023310}.Debug|Any CPU.Build.0 = Debug|Any CPU
		{A0150C0D-03C9-457A-AB8D-A20BC9023310}.Release|Any CPU.ActiveCfg = Release|Any CPU
		{A0150C0D-03C9-457A-AB8D-A20BC9023310}.Release|Any CPU.Build.0 = Release|Any CPU
		{9EEBF2E3-1FC1-4474-B455-1A6C61A18AF9}.Debug|Any CPU.ActiveCfg = Debug|Any CPU
		{9EEBF2E3-1FC1-4474-B455-1A6C61A18AF9}.Debug|Any CPU.Build.0 = Debug|Any CPU
		{9EEBF2E3-1FC1-4474-B455-1A6C61A18AF9}.Release|Any CPU.ActiveCfg = Release|Any CPU
		{9EEBF2E3-1FC1-4474-B455-1A6C61A18AF9}.Release|Any CPU.Build.0 = Release|Any CPU
		{0433734F-161D-4FCB-8D17-AC978BA023B2}.Debug|Any CPU.ActiveCfg = Debug|Any CPU
		{0433734F-161D-4FCB-8D17-AC978BA023B2}.Debug|Any CPU.Build.0 = Debug|Any CPU
		{0433734F-161D-4FCB-8D17-AC978BA023B2}.Release|Any CPU.ActiveCfg = Release|Any CPU
		{0433734F-161D-4FCB-8D17-AC978BA023B2}.Release|Any CPU.Build.0 = Release|Any CPU
		{AC7B82CA-83C0-4970-BDB1-02CBDB41C910}.Debug|Any CPU.ActiveCfg = Debug|Any CPU
		{AC7B82CA-83C0-4970-BDB1-02CBDB41C910}.Debug|Any CPU.Build.0 = Debug|Any CPU
		{AC7B82CA-83C0-4970-BDB1-02CBDB41C910}.Release|Any CPU.ActiveCfg = Release|Any CPU
		{AC7B82CA-83C0-4970-BDB1-02CBDB41C910}.Release|Any CPU.Build.0 = Release|Any CPU
	EndGlobalSection
	GlobalSection(SolutionProperties) = preSolution
		HideSolutionNode = FALSE
	EndGlobalSection
	GlobalSection(NestedProjects) = preSolution
		{C84A8314-6B51-4F5C-9E3F-0CB7622EF5E3} = {78E2EE99-CEEF-4EB2-A589-DF28C4AD994D}
		{8FEA325A-6DA3-464F-BC90-466FE0CB8C42} = {78E2EE99-CEEF-4EB2-A589-DF28C4AD994D}
		{BE562988-52D6-452C-81AA-1070A45AB722} = {8FEA325A-6DA3-464F-BC90-466FE0CB8C42}
		{D3275553-C427-4C20-8771-7FCBAD0498B2} = {8FEA325A-6DA3-464F-BC90-466FE0CB8C42}
		{2B97B3CA-A47E-4363-B980-D5B59174ACE3} = {BE562988-52D6-452C-81AA-1070A45AB722}
		{D9E393BF-79E7-4FCA-9891-01B4DFE41950} = {BE562988-52D6-452C-81AA-1070A45AB722}
		{294BA286-CE12-4CE7-8A7D-6AA28F2A69BD} = {BE562988-52D6-452C-81AA-1070A45AB722}
		{8DFF07E6-D770-4D9D-8FB7-09420D09FB6D} = {BE562988-52D6-452C-81AA-1070A45AB722}
		{76E3586D-732B-47A2-96E9-2D8BE5911E12} = {D3275553-C427-4C20-8771-7FCBAD0498B2}
		{BDC5C2D8-AE9A-4F15-8F4D-93186B665811} = {76E3586D-732B-47A2-96E9-2D8BE5911E12}
		{38772A89-E118-40AD-A1B4-1C078968A526} = {76E3586D-732B-47A2-96E9-2D8BE5911E12}
		{7C018A2A-AE02-47DF-92BA-D25EA28D562C} = {C84A8314-6B51-4F5C-9E3F-0CB7622EF5E3}
		{57A57091-0180-406E-9F3B-9EF7AB5892FA} = {294BA286-CE12-4CE7-8A7D-6AA28F2A69BD}
		{E0E89376-B2FD-4E1E-8870-27A5E2E09330} = {8DFF07E6-D770-4D9D-8FB7-09420D09FB6D}
		{A0150C0D-03C9-457A-AB8D-A20BC9023310} = {D9E393BF-79E7-4FCA-9891-01B4DFE41950}
		{9EEBF2E3-1FC1-4474-B455-1A6C61A18AF9} = {2B97B3CA-A47E-4363-B980-D5B59174ACE3}
		{0433734F-161D-4FCB-8D17-AC978BA023B2} = {BDC5C2D8-AE9A-4F15-8F4D-93186B665811}
		{AC7B82CA-83C0-4970-BDB1-02CBDB41C910} = {38772A89-E118-40AD-A1B4-1C078968A526}
	EndGlobalSection
	GlobalSection(ExtensibilityGlobals) = postSolution
		SolutionGuid = {E0D12DCC-009A-4984-9E59-1200772B430D}
	EndGlobalSection
EndGlobal
